// !$*UTF8*$!
{
	archiveVersion = 1;
	classes = {
	};
	objectVersion = 46;
	objects = {

/* Begin PBXBuildFile section */
		B43D8DF51ACB0B0F00F7B956 /* Keybase_LibraryTests.m in Sources */ = {isa = PBXBuildFile; fileRef = B43D8DF41ACB0B0F00F7B956 /* Keybase_LibraryTests.m */; };
		B43D8E2A1ADD850800F7B956 /* AppDelegate.m in Sources */ = {isa = PBXBuildFile; fileRef = B43D8E141ADD850800F7B956 /* AppDelegate.m */; };
		B43D8E2B1ADD850800F7B956 /* LaunchScreen.xib in Resources */ = {isa = PBXBuildFile; fileRef = B43D8E151ADD850800F7B956 /* LaunchScreen.xib */; };
		B43D8E2C1ADD850800F7B956 /* Main.storyboard in Resources */ = {isa = PBXBuildFile; fileRef = B43D8E171ADD850800F7B956 /* Main.storyboard */; };
		B43D8E2E1ADD850800F7B956 /* crypto_scrypt-nosse.c in Sources */ = {isa = PBXBuildFile; fileRef = B43D8E1C1ADD850800F7B956 /* crypto_scrypt-nosse.c */; };
		B43D8E2F1ADD850800F7B956 /* sha256.c in Sources */ = {isa = PBXBuildFile; fileRef = B43D8E1E1ADD850800F7B956 /* sha256.c */; };
		B43D8E301ADD850800F7B956 /* HexDecoder.m in Sources */ = {isa = PBXBuildFile; fileRef = B43D8E221ADD850800F7B956 /* HexDecoder.m */; };
		B43D8E311ADD850800F7B956 /* Images.xcassets in Resources */ = {isa = PBXBuildFile; fileRef = B43D8E231ADD850800F7B956 /* Images.xcassets */; };
		B43D8E321ADD850800F7B956 /* Info.plist in Resources */ = {isa = PBXBuildFile; fileRef = B43D8E241ADD850800F7B956 /* Info.plist */; };
		B43D8E331ADD850800F7B956 /* Keybase.m in Sources */ = {isa = PBXBuildFile; fileRef = B43D8E261ADD850800F7B956 /* Keybase.m */; };
		B43D8E341ADD850800F7B956 /* main.m in Sources */ = {isa = PBXBuildFile; fileRef = B43D8E271ADD850800F7B956 /* main.m */; };
		B43D8E351ADD850800F7B956 /* ViewController.m in Sources */ = {isa = PBXBuildFile; fileRef = B43D8E291ADD850800F7B956 /* ViewController.m */; };
		B43D8E3E1ADD9E3700F7B956 /* Base64.m in Sources */ = {isa = PBXBuildFile; fileRef = B43D8E3C1ADD9E3700F7B956 /* Base64.m */; };
		B43D8E3F1ADD9E3700F7B956 /* LICENCE.md in Sources */ = {isa = PBXBuildFile; fileRef = B43D8E3D1ADD9E3700F7B956 /* LICENCE.md */; };
		B43D8E431AE00A2800F7B956 /* KeybaseUserTableViewController.m in Sources */ = {isa = PBXBuildFile; fileRef = B43D8E411AE00A2800F7B956 /* KeybaseUserTableViewController.m */; };
		B43D8E471AE178BB00F7B956 /* ConversationStore.m in Sources */ = {isa = PBXBuildFile; fileRef = B43D8E461AE178BB00F7B956 /* ConversationStore.m */; };
		B43D8E4A1AE17DC300F7B956 /* Conversation.m in Sources */ = {isa = PBXBuildFile; fileRef = B43D8E491AE17DC300F7B956 /* Conversation.m */; };
		B43D8E4E1AE86C8C00F7B956 /* MessageViewController.m in Sources */ = {isa = PBXBuildFile; fileRef = B43D8E4C1AE86C8C00F7B956 /* MessageViewController.m */; };
		B43D8E4F1AE86C8C00F7B956 /* MessageViewController.xib in Resources */ = {isa = PBXBuildFile; fileRef = B43D8E4D1AE86C8C00F7B956 /* MessageViewController.xib */; };
		B43D8E531AE8853A00F7B956 /* UserCell.m in Sources */ = {isa = PBXBuildFile; fileRef = B43D8E511AE8853A00F7B956 /* UserCell.m */; };
		B43D8E541AE8853A00F7B956 /* UserCell.xib in Resources */ = {isa = PBXBuildFile; fileRef = B43D8E521AE8853A00F7B956 /* UserCell.xib */; };
		B43D8E5F1AE8BD1000F7B956 /* balloon_read_left.png in Resources */ = {isa = PBXBuildFile; fileRef = B43D8E561AE8BD1000F7B956 /* balloon_read_left.png */; };
		B43D8E601AE8BD1000F7B956 /* balloon_read_right.png in Resources */ = {isa = PBXBuildFile; fileRef = B43D8E571AE8BD1000F7B956 /* balloon_read_right.png */; };
		B43D8E611AE8BD1000F7B956 /* balloon_selected_left.png in Resources */ = {isa = PBXBuildFile; fileRef = B43D8E581AE8BD1000F7B956 /* balloon_selected_left.png */; };
		B43D8E621AE8BD1000F7B956 /* balloon_selected_right.png in Resources */ = {isa = PBXBuildFile; fileRef = B43D8E591AE8BD1000F7B956 /* balloon_selected_right.png */; };
		B43D8E631AE8BD1000F7B956 /* balloon_unread_left.png in Resources */ = {isa = PBXBuildFile; fileRef = B43D8E5A1AE8BD1000F7B956 /* balloon_unread_left.png */; };
		B43D8E641AE8BD1000F7B956 /* balloon_unread_right.png in Resources */ = {isa = PBXBuildFile; fileRef = B43D8E5B1AE8BD1000F7B956 /* balloon_unread_right.png */; };
		B43D8E651AE8BD1000F7B956 /* LICENSE in Resources */ = {isa = PBXBuildFile; fileRef = B43D8E5C1AE8BD1000F7B956 /* LICENSE */; };
		B43D8E661AE8BD1000F7B956 /* PTSMessagingCell.m in Sources */ = {isa = PBXBuildFile; fileRef = B43D8E5E1AE8BD1000F7B956 /* PTSMessagingCell.m */; };
/* End PBXBuildFile section */

/* Begin PBXContainerItemProxy section */
		B43D8DEF1ACB0B0F00F7B956 /* PBXContainerItemProxy */ = {
			isa = PBXContainerItemProxy;
			containerPortal = B43D8DCD1ACB0B0F00F7B956 /* Project object */;
			proxyType = 1;
			remoteGlobalIDString = B43D8DD41ACB0B0F00F7B956;
			remoteInfo = "Keybase Library";
		};
/* End PBXContainerItemProxy section */

/* Begin PBXFileReference section */
		B43D8DD51ACB0B0F00F7B956 /* Keybase Library.app */ = {isa = PBXFileReference; explicitFileType = wrapper.application; includeInIndex = 0; path = "Keybase Library.app"; sourceTree = BUILT_PRODUCTS_DIR; };
		B43D8DEE1ACB0B0F00F7B956 /* Keybase LibraryTests.xctest */ = {isa = PBXFileReference; explicitFileType = wrapper.cfbundle; includeInIndex = 0; path = "Keybase LibraryTests.xctest"; sourceTree = BUILT_PRODUCTS_DIR; };
		B43D8DF31ACB0B0F00F7B956 /* Info.plist */ = {isa = PBXFileReference; lastKnownFileType = text.plist.xml; path = Info.plist; sourceTree = "<group>"; };
		B43D8DF41ACB0B0F00F7B956 /* Keybase_LibraryTests.m */ = {isa = PBXFileReference; lastKnownFileType = sourcecode.c.objc; path = Keybase_LibraryTests.m; sourceTree = "<group>"; };
		B43D8E131ADD850800F7B956 /* AppDelegate.h */ = {isa = PBXFileReference; fileEncoding = 4; lastKnownFileType = sourcecode.c.h; path = AppDelegate.h; sourceTree = "<group>"; };
		B43D8E141ADD850800F7B956 /* AppDelegate.m */ = {isa = PBXFileReference; fileEncoding = 4; lastKnownFileType = sourcecode.c.objc; path = AppDelegate.m; sourceTree = "<group>"; };
		B43D8E161ADD850800F7B956 /* Base */ = {isa = PBXFileReference; lastKnownFileType = file.xib; name = Base; path = Base.lproj/LaunchScreen.xib; sourceTree = "<group>"; };
		B43D8E181ADD850800F7B956 /* Base */ = {isa = PBXFileReference; lastKnownFileType = file.storyboard; name = Base; path = Base.lproj/Main.storyboard; sourceTree = "<group>"; };
		B43D8E1C1ADD850800F7B956 /* crypto_scrypt-nosse.c */ = {isa = PBXFileReference; fileEncoding = 4; lastKnownFileType = sourcecode.c.c; path = "crypto_scrypt-nosse.c"; sourceTree = "<group>"; };
		B43D8E1D1ADD850800F7B956 /* crypto_scrypt.h */ = {isa = PBXFileReference; fileEncoding = 4; lastKnownFileType = sourcecode.c.h; path = crypto_scrypt.h; sourceTree = "<group>"; };
		B43D8E1E1ADD850800F7B956 /* sha256.c */ = {isa = PBXFileReference; fileEncoding = 4; lastKnownFileType = sourcecode.c.c; path = sha256.c; sourceTree = "<group>"; };
		B43D8E1F1ADD850800F7B956 /* sha256.h */ = {isa = PBXFileReference; fileEncoding = 4; lastKnownFileType = sourcecode.c.h; path = sha256.h; sourceTree = "<group>"; };
		B43D8E211ADD850800F7B956 /* HexDecoder.h */ = {isa = PBXFileReference; fileEncoding = 4; lastKnownFileType = sourcecode.c.h; path = HexDecoder.h; sourceTree = "<group>"; };
		B43D8E221ADD850800F7B956 /* HexDecoder.m */ = {isa = PBXFileReference; fileEncoding = 4; lastKnownFileType = sourcecode.c.objc; path = HexDecoder.m; sourceTree = "<group>"; };
		B43D8E231ADD850800F7B956 /* Images.xcassets */ = {isa = PBXFileReference; lastKnownFileType = folder.assetcatalog; path = Images.xcassets; sourceTree = "<group>"; };
		B43D8E241ADD850800F7B956 /* Info.plist */ = {isa = PBXFileReference; fileEncoding = 4; lastKnownFileType = text.plist.xml; path = Info.plist; sourceTree = "<group>"; };
		B43D8E251ADD850800F7B956 /* Keybase.h */ = {isa = PBXFileReference; fileEncoding = 4; lastKnownFileType = sourcecode.c.h; path = Keybase.h; sourceTree = "<group>"; };
		B43D8E261ADD850800F7B956 /* Keybase.m */ = {isa = PBXFileReference; fileEncoding = 4; lastKnownFileType = sourcecode.c.objc; path = Keybase.m; sourceTree = "<group>"; };
		B43D8E271ADD850800F7B956 /* main.m */ = {isa = PBXFileReference; fileEncoding = 4; lastKnownFileType = sourcecode.c.objc; path = main.m; sourceTree = "<group>"; };
		B43D8E281ADD850800F7B956 /* ViewController.h */ = {isa = PBXFileReference; fileEncoding = 4; lastKnownFileType = sourcecode.c.h; path = ViewController.h; sourceTree = "<group>"; };
		B43D8E291ADD850800F7B956 /* ViewController.m */ = {isa = PBXFileReference; fileEncoding = 4; lastKnownFileType = sourcecode.c.objc; path = ViewController.m; sourceTree = "<group>"; };
		B43D8E371ADD894A00F7B956 /* sysendian.h */ = {isa = PBXFileReference; fileEncoding = 4; lastKnownFileType = sourcecode.c.h; path = sysendian.h; sourceTree = "<group>"; };
		B43D8E381ADD89E900F7B956 /* scrypt_platform.h */ = {isa = PBXFileReference; fileEncoding = 4; lastKnownFileType = sourcecode.c.h; path = scrypt_platform.h; sourceTree = "<group>"; };
		B43D8E391ADD94EB00F7B956 /* config.h */ = {isa = PBXFileReference; fileEncoding = 4; lastKnownFileType = sourcecode.c.h; path = config.h; sourceTree = "<group>"; };
		B43D8E3B1ADD9E3700F7B956 /* Base64.h */ = {isa = PBXFileReference; fileEncoding = 4; lastKnownFileType = sourcecode.c.h; path = Base64.h; sourceTree = "<group>"; };
		B43D8E3C1ADD9E3700F7B956 /* Base64.m */ = {isa = PBXFileReference; fileEncoding = 4; lastKnownFileType = sourcecode.c.objc; path = Base64.m; sourceTree = "<group>"; };
		B43D8E3D1ADD9E3700F7B956 /* LICENCE.md */ = {isa = PBXFileReference; fileEncoding = 4; lastKnownFileType = net.daringfireball.markdown; path = LICENCE.md; sourceTree = "<group>"; };
		B43D8E401AE00A2800F7B956 /* KeybaseUserTableViewController.h */ = {isa = PBXFileReference; fileEncoding = 4; lastKnownFileType = sourcecode.c.h; path = KeybaseUserTableViewController.h; sourceTree = "<group>"; };
		B43D8E411AE00A2800F7B956 /* KeybaseUserTableViewController.m */ = {isa = PBXFileReference; fileEncoding = 4; lastKnownFileType = sourcecode.c.objc; path = KeybaseUserTableViewController.m; sourceTree = "<group>"; };
		B43D8E451AE178BB00F7B956 /* ConversationStore.h */ = {isa = PBXFileReference; fileEncoding = 4; lastKnownFileType = sourcecode.c.h; path = ConversationStore.h; sourceTree = "<group>"; };
		B43D8E461AE178BB00F7B956 /* ConversationStore.m */ = {isa = PBXFileReference; fileEncoding = 4; lastKnownFileType = sourcecode.c.objc; path = ConversationStore.m; sourceTree = "<group>"; };
		B43D8E481AE17DC300F7B956 /* Conversation.h */ = {isa = PBXFileReference; fileEncoding = 4; lastKnownFileType = sourcecode.c.h; path = Conversation.h; sourceTree = "<group>"; };
		B43D8E491AE17DC300F7B956 /* Conversation.m */ = {isa = PBXFileReference; fileEncoding = 4; lastKnownFileType = sourcecode.c.objc; path = Conversation.m; sourceTree = "<group>"; };
		B43D8E4B1AE86C8C00F7B956 /* MessageViewController.h */ = {isa = PBXFileReference; fileEncoding = 4; lastKnownFileType = sourcecode.c.h; path = MessageViewController.h; sourceTree = "<group>"; };
		B43D8E4C1AE86C8C00F7B956 /* MessageViewController.m */ = {isa = PBXFileReference; fileEncoding = 4; lastKnownFileType = sourcecode.c.objc; path = MessageViewController.m; sourceTree = "<group>"; };
		B43D8E4D1AE86C8C00F7B956 /* MessageViewController.xib */ = {isa = PBXFileReference; fileEncoding = 4; lastKnownFileType = file.xib; path = MessageViewController.xib; sourceTree = "<group>"; };
		B43D8E501AE8853A00F7B956 /* UserCell.h */ = {isa = PBXFileReference; fileEncoding = 4; lastKnownFileType = sourcecode.c.h; path = UserCell.h; sourceTree = "<group>"; };
		B43D8E511AE8853A00F7B956 /* UserCell.m */ = {isa = PBXFileReference; fileEncoding = 4; lastKnownFileType = sourcecode.c.objc; path = UserCell.m; sourceTree = "<group>"; };
		B43D8E521AE8853A00F7B956 /* UserCell.xib */ = {isa = PBXFileReference; fileEncoding = 4; lastKnownFileType = file.xib; path = UserCell.xib; sourceTree = "<group>"; };
		B43D8E561AE8BD1000F7B956 /* balloon_read_left.png */ = {isa = PBXFileReference; lastKnownFileType = image.png; path = balloon_read_left.png; sourceTree = "<group>"; };
		B43D8E571AE8BD1000F7B956 /* balloon_read_right.png */ = {isa = PBXFileReference; lastKnownFileType = image.png; path = balloon_read_right.png; sourceTree = "<group>"; };
		B43D8E581AE8BD1000F7B956 /* balloon_selected_left.png */ = {isa = PBXFileReference; lastKnownFileType = image.png; path = balloon_selected_left.png; sourceTree = "<group>"; };
		B43D8E591AE8BD1000F7B956 /* balloon_selected_right.png */ = {isa = PBXFileReference; lastKnownFileType = image.png; path = balloon_selected_right.png; sourceTree = "<group>"; };
		B43D8E5A1AE8BD1000F7B956 /* balloon_unread_left.png */ = {isa = PBXFileReference; lastKnownFileType = image.png; path = balloon_unread_left.png; sourceTree = "<group>"; };
		B43D8E5B1AE8BD1000F7B956 /* balloon_unread_right.png */ = {isa = PBXFileReference; lastKnownFileType = image.png; path = balloon_unread_right.png; sourceTree = "<group>"; };
		B43D8E5C1AE8BD1000F7B956 /* LICENSE */ = {isa = PBXFileReference; fileEncoding = 4; lastKnownFileType = text; path = LICENSE; sourceTree = "<group>"; };
		B43D8E5D1AE8BD1000F7B956 /* PTSMessagingCell.h */ = {isa = PBXFileReference; fileEncoding = 4; lastKnownFileType = sourcecode.c.h; path = PTSMessagingCell.h; sourceTree = "<group>"; };
		B43D8E5E1AE8BD1000F7B956 /* PTSMessagingCell.m */ = {isa = PBXFileReference; fileEncoding = 4; lastKnownFileType = sourcecode.c.objc; path = PTSMessagingCell.m; sourceTree = "<group>"; };
/* End PBXFileReference section */

/* Begin PBXFrameworksBuildPhase section */
		B43D8DD21ACB0B0F00F7B956 /* Frameworks */ = {
			isa = PBXFrameworksBuildPhase;
			buildActionMask = 2147483647;
			files = (
			);
			runOnlyForDeploymentPostprocessing = 0;
		};
		B43D8DEB1ACB0B0F00F7B956 /* Frameworks */ = {
			isa = PBXFrameworksBuildPhase;
			buildActionMask = 2147483647;
			files = (
			);
			runOnlyForDeploymentPostprocessing = 0;
		};
/* End PBXFrameworksBuildPhase section */

/* Begin PBXGroup section */
		B43D8DCC1ACB0B0F00F7B956 = {
			isa = PBXGroup;
			children = (
				B43D8E121ADD850800F7B956 /* Keybase Library */,
				B43D8DF11ACB0B0F00F7B956 /* Keybase LibraryTests */,
				B43D8DD61ACB0B0F00F7B956 /* Products */,
			);
			sourceTree = "<group>";
		};
		B43D8DD61ACB0B0F00F7B956 /* Products */ = {
			isa = PBXGroup;
			children = (
				B43D8DD51ACB0B0F00F7B956 /* Keybase Library.app */,
				B43D8DEE1ACB0B0F00F7B956 /* Keybase LibraryTests.xctest */,
			);
			name = Products;
			sourceTree = "<group>";
		};
		B43D8DF11ACB0B0F00F7B956 /* Keybase LibraryTests */ = {
			isa = PBXGroup;
			children = (
				B43D8DF41ACB0B0F00F7B956 /* Keybase_LibraryTests.m */,
				B43D8DF21ACB0B0F00F7B956 /* Supporting Files */,
			);
			path = "Keybase LibraryTests";
			sourceTree = "<group>";
		};
		B43D8DF21ACB0B0F00F7B956 /* Supporting Files */ = {
			isa = PBXGroup;
			children = (
				B43D8DF31ACB0B0F00F7B956 /* Info.plist */,
			);
			name = "Supporting Files";
			sourceTree = "<group>";
		};
		B43D8E121ADD850800F7B956 /* Keybase Library */ = {
			isa = PBXGroup;
			children = (
				B43D8E551AE8BD1000F7B956 /* PTSMessagingCell */,
				B43D8E131ADD850800F7B956 /* AppDelegate.h */,
				B43D8E141ADD850800F7B956 /* AppDelegate.m */,
				B43D8E151ADD850800F7B956 /* LaunchScreen.xib */,
				B43D8E171ADD850800F7B956 /* Main.storyboard */,
				B43D8E401AE00A2800F7B956 /* KeybaseUserTableViewController.h */,
				B43D8E411AE00A2800F7B956 /* KeybaseUserTableViewController.m */,
				B43D8E501AE8853A00F7B956 /* UserCell.h */,
				B43D8E511AE8853A00F7B956 /* UserCell.m */,
				B43D8E521AE8853A00F7B956 /* UserCell.xib */,
				B43D8E4B1AE86C8C00F7B956 /* MessageViewController.h */,
				B43D8E4C1AE86C8C00F7B956 /* MessageViewController.m */,
				B43D8E4D1AE86C8C00F7B956 /* MessageViewController.xib */,
				B43D8E451AE178BB00F7B956 /* ConversationStore.h */,
				B43D8E461AE178BB00F7B956 /* ConversationStore.m */,
				B43D8E481AE17DC300F7B956 /* Conversation.h */,
				B43D8E491AE17DC300F7B956 /* Conversation.m */,
				B43D8E191ADD850800F7B956 /* crypto */,
				B43D8E201ADD850800F7B956 /* CryptoHelper */,
				B43D8E231ADD850800F7B956 /* Images.xcassets */,
				B43D8E241ADD850800F7B956 /* Info.plist */,
				B43D8E251ADD850800F7B956 /* Keybase.h */,
				B43D8E261ADD850800F7B956 /* Keybase.m */,
				B43D8E271ADD850800F7B956 /* main.m */,
				B43D8E281ADD850800F7B956 /* ViewController.h */,
				B43D8E291ADD850800F7B956 /* ViewController.m */,
			);
			path = "Keybase Library";
			sourceTree = "<group>";
		};
		B43D8E191ADD850800F7B956 /* crypto */ = {
			isa = PBXGroup;
			children = (
				B43D8E391ADD94EB00F7B956 /* config.h */,
				B43D8E381ADD89E900F7B956 /* scrypt_platform.h */,
				B43D8E371ADD894A00F7B956 /* sysendian.h */,
				B43D8E1C1ADD850800F7B956 /* crypto_scrypt-nosse.c */,
				B43D8E1D1ADD850800F7B956 /* crypto_scrypt.h */,
				B43D8E1E1ADD850800F7B956 /* sha256.c */,
				B43D8E1F1ADD850800F7B956 /* sha256.h */,
			);
			path = crypto;
			sourceTree = "<group>";
		};
		B43D8E201ADD850800F7B956 /* CryptoHelper */ = {
			isa = PBXGroup;
			children = (
				B43D8E3A1ADD9E3700F7B956 /* Base64 */,
				B43D8E211ADD850800F7B956 /* HexDecoder.h */,
				B43D8E221ADD850800F7B956 /* HexDecoder.m */,
			);
			path = CryptoHelper;
			sourceTree = "<group>";
		};
		B43D8E3A1ADD9E3700F7B956 /* Base64 */ = {
			isa = PBXGroup;
			children = (
				B43D8E3B1ADD9E3700F7B956 /* Base64.h */,
				B43D8E3C1ADD9E3700F7B956 /* Base64.m */,
				B43D8E3D1ADD9E3700F7B956 /* LICENCE.md */,
			);
			path = Base64;
			sourceTree = "<group>";
		};
		B43D8E551AE8BD1000F7B956 /* PTSMessagingCell */ = {
			isa = PBXGroup;
			children = (
				B43D8E561AE8BD1000F7B956 /* balloon_read_left.png */,
				B43D8E571AE8BD1000F7B956 /* balloon_read_right.png */,
				B43D8E581AE8BD1000F7B956 /* balloon_selected_left.png */,
				B43D8E591AE8BD1000F7B956 /* balloon_selected_right.png */,
				B43D8E5A1AE8BD1000F7B956 /* balloon_unread_left.png */,
				B43D8E5B1AE8BD1000F7B956 /* balloon_unread_right.png */,
				B43D8E5C1AE8BD1000F7B956 /* LICENSE */,
				B43D8E5D1AE8BD1000F7B956 /* PTSMessagingCell.h */,
				B43D8E5E1AE8BD1000F7B956 /* PTSMessagingCell.m */,
			);
			path = PTSMessagingCell;
			sourceTree = "<group>";
		};
/* End PBXGroup section */

/* Begin PBXNativeTarget section */
		B43D8DD41ACB0B0F00F7B956 /* Keybase Library */ = {
			isa = PBXNativeTarget;
			buildConfigurationList = B43D8DF81ACB0B0F00F7B956 /* Build configuration list for PBXNativeTarget "Keybase Library" */;
			buildPhases = (
				B43D8DD11ACB0B0F00F7B956 /* Sources */,
				B43D8DD21ACB0B0F00F7B956 /* Frameworks */,
				B43D8DD31ACB0B0F00F7B956 /* Resources */,
			);
			buildRules = (
			);
			dependencies = (
			);
			name = "Keybase Library";
			productName = "Keybase Library";
			productReference = B43D8DD51ACB0B0F00F7B956 /* Keybase Library.app */;
			productType = "com.apple.product-type.application";
		};
		B43D8DED1ACB0B0F00F7B956 /* Keybase LibraryTests */ = {
			isa = PBXNativeTarget;
			buildConfigurationList = B43D8DFB1ACB0B0F00F7B956 /* Build configuration list for PBXNativeTarget "Keybase LibraryTests" */;
			buildPhases = (
				B43D8DEA1ACB0B0F00F7B956 /* Sources */,
				B43D8DEB1ACB0B0F00F7B956 /* Frameworks */,
				B43D8DEC1ACB0B0F00F7B956 /* Resources */,
			);
			buildRules = (
			);
			dependencies = (
				B43D8DF01ACB0B0F00F7B956 /* PBXTargetDependency */,
			);
			name = "Keybase LibraryTests";
			productName = "Keybase LibraryTests";
			productReference = B43D8DEE1ACB0B0F00F7B956 /* Keybase LibraryTests.xctest */;
			productType = "com.apple.product-type.bundle.unit-test";
		};
/* End PBXNativeTarget section */

/* Begin PBXProject section */
		B43D8DCD1ACB0B0F00F7B956 /* Project object */ = {
			isa = PBXProject;
			attributes = {
				LastUpgradeCheck = 0620;
				ORGANIZATIONNAME = "Zach Malinowski";
				TargetAttributes = {
					B43D8DD41ACB0B0F00F7B956 = {
						CreatedOnToolsVersion = 6.2;
					};
					B43D8DED1ACB0B0F00F7B956 = {
						CreatedOnToolsVersion = 6.2;
						TestTargetID = B43D8DD41ACB0B0F00F7B956;
					};
				};
			};
			buildConfigurationList = B43D8DD01ACB0B0F00F7B956 /* Build configuration list for PBXProject "Keybase Library" */;
			compatibilityVersion = "Xcode 3.2";
			developmentRegion = English;
			hasScannedForEncodings = 0;
			knownRegions = (
				en,
				Base,
			);
			mainGroup = B43D8DCC1ACB0B0F00F7B956;
			productRefGroup = B43D8DD61ACB0B0F00F7B956 /* Products */;
			projectDirPath = "";
			projectRoot = "";
			targets = (
				B43D8DD41ACB0B0F00F7B956 /* Keybase Library */,
				B43D8DED1ACB0B0F00F7B956 /* Keybase LibraryTests */,
			);
		};
/* End PBXProject section */

/* Begin PBXResourcesBuildPhase section */
		B43D8DD31ACB0B0F00F7B956 /* Resources */ = {
			isa = PBXResourcesBuildPhase;
			buildActionMask = 2147483647;
			files = (
				B43D8E601AE8BD1000F7B956 /* balloon_read_right.png in Resources */,
				B43D8E641AE8BD1000F7B956 /* balloon_unread_right.png in Resources */,
				B43D8E651AE8BD1000F7B956 /* LICENSE in Resources */,
				B43D8E631AE8BD1000F7B956 /* balloon_unread_left.png in Resources */,
				B43D8E621AE8BD1000F7B956 /* balloon_selected_right.png in Resources */,
				B43D8E5F1AE8BD1000F7B956 /* balloon_read_left.png in Resources */,
				B43D8E321ADD850800F7B956 /* Info.plist in Resources */,
				B43D8E311ADD850800F7B956 /* Images.xcassets in Resources */,
				B43D8E4F1AE86C8C00F7B956 /* MessageViewController.xib in Resources */,
				B43D8E2B1ADD850800F7B956 /* LaunchScreen.xib in Resources */,
				B43D8E611AE8BD1000F7B956 /* balloon_selected_left.png in Resources */,
				B43D8E2C1ADD850800F7B956 /* Main.storyboard in Resources */,
				B43D8E541AE8853A00F7B956 /* UserCell.xib in Resources */,
			);
			runOnlyForDeploymentPostprocessing = 0;
		};
		B43D8DEC1ACB0B0F00F7B956 /* Resources */ = {
			isa = PBXResourcesBuildPhase;
			buildActionMask = 2147483647;
			files = (
			);
			runOnlyForDeploymentPostprocessing = 0;
		};
/* End PBXResourcesBuildPhase section */

/* Begin PBXSourcesBuildPhase section */
		B43D8DD11ACB0B0F00F7B956 /* Sources */ = {
			isa = PBXSourcesBuildPhase;
			buildActionMask = 2147483647;
			files = (
				B43D8E4A1AE17DC300F7B956 /* Conversation.m in Sources */,
				B43D8E3E1ADD9E3700F7B956 /* Base64.m in Sources */,
				B43D8E4E1AE86C8C00F7B956 /* MessageViewController.m in Sources */,
				B43D8E2A1ADD850800F7B956 /* AppDelegate.m in Sources */,
				B43D8E431AE00A2800F7B956 /* KeybaseUserTableViewController.m in Sources */,
				B43D8E3F1ADD9E3700F7B956 /* LICENCE.md in Sources */,
				B43D8E351ADD850800F7B956 /* ViewController.m in Sources */,
				B43D8E331ADD850800F7B956 /* Keybase.m in Sources */,
				B43D8E301ADD850800F7B956 /* HexDecoder.m in Sources */,
				B43D8E2F1ADD850800F7B956 /* sha256.c in Sources */,
				B43D8E341ADD850800F7B956 /* main.m in Sources */,
				B43D8E661AE8BD1000F7B956 /* PTSMessagingCell.m in Sources */,
				B43D8E471AE178BB00F7B956 /* ConversationStore.m in Sources */,
				B43D8E531AE8853A00F7B956 /* UserCell.m in Sources */,
				B43D8E2E1ADD850800F7B956 /* crypto_scrypt-nosse.c in Sources */,
			);
			runOnlyForDeploymentPostprocessing = 0;
		};
		B43D8DEA1ACB0B0F00F7B956 /* Sources */ = {
			isa = PBXSourcesBuildPhase;
			buildActionMask = 2147483647;
			files = (
				B43D8DF51ACB0B0F00F7B956 /* Keybase_LibraryTests.m in Sources */,
			);
			runOnlyForDeploymentPostprocessing = 0;
		};
/* End PBXSourcesBuildPhase section */

/* Begin PBXTargetDependency section */
		B43D8DF01ACB0B0F00F7B956 /* PBXTargetDependency */ = {
			isa = PBXTargetDependency;
			target = B43D8DD41ACB0B0F00F7B956 /* Keybase Library */;
			targetProxy = B43D8DEF1ACB0B0F00F7B956 /* PBXContainerItemProxy */;
		};
/* End PBXTargetDependency section */

/* Begin PBXVariantGroup section */
		B43D8E151ADD850800F7B956 /* LaunchScreen.xib */ = {
			isa = PBXVariantGroup;
			children = (
				B43D8E161ADD850800F7B956 /* Base */,
			);
			name = LaunchScreen.xib;
			sourceTree = "<group>";
		};
		B43D8E171ADD850800F7B956 /* Main.storyboard */ = {
			isa = PBXVariantGroup;
			children = (
				B43D8E181ADD850800F7B956 /* Base */,
			);
			name = Main.storyboard;
			sourceTree = "<group>";
		};
/* End PBXVariantGroup section */

/* Begin XCBuildConfiguration section */
		B43D8DF61ACB0B0F00F7B956 /* Debug */ = {
			isa = XCBuildConfiguration;
			buildSettings = {
				ALWAYS_SEARCH_USER_PATHS = NO;
				CLANG_CXX_LANGUAGE_STANDARD = "gnu++0x";
				CLANG_CXX_LIBRARY = "libc++";
				CLANG_ENABLE_MODULES = YES;
				CLANG_ENABLE_OBJC_ARC = YES;
				CLANG_WARN_BOOL_CONVERSION = YES;
				CLANG_WARN_CONSTANT_CONVERSION = YES;
				CLANG_WARN_DIRECT_OBJC_ISA_USAGE = YES_ERROR;
				CLANG_WARN_EMPTY_BODY = YES;
				CLANG_WARN_ENUM_CONVERSION = YES;
				CLANG_WARN_INT_CONVERSION = YES;
				CLANG_WARN_OBJC_ROOT_CLASS = YES_ERROR;
				CLANG_WARN_UNREACHABLE_CODE = YES;
				CLANG_WARN__DUPLICATE_METHOD_MATCH = YES;
				"CODE_SIGN_IDENTITY[sdk=iphoneos*]" = "iPhone Developer";
				COPY_PHASE_STRIP = NO;
				ENABLE_STRICT_OBJC_MSGSEND = YES;
				GCC_C_LANGUAGE_STANDARD = gnu99;
				GCC_DYNAMIC_NO_PIC = NO;
				GCC_OPTIMIZATION_LEVEL = 0;
				GCC_PREPROCESSOR_DEFINITIONS = (
					"DEBUG=1",
					"$(inherited)",
				);
				GCC_SYMBOLS_PRIVATE_EXTERN = NO;
				GCC_WARN_64_TO_32_BIT_CONVERSION = YES;
				GCC_WARN_ABOUT_RETURN_TYPE = YES_ERROR;
				GCC_WARN_UNDECLARED_SELECTOR = YES;
				GCC_WARN_UNINITIALIZED_AUTOS = YES_AGGRESSIVE;
				GCC_WARN_UNUSED_FUNCTION = YES;
				GCC_WARN_UNUSED_VARIABLE = YES;
				IPHONEOS_DEPLOYMENT_TARGET = 8.2;
				MTL_ENABLE_DEBUG_INFO = YES;
				ONLY_ACTIVE_ARCH = YES;
				SDKROOT = iphoneos;
				TARGETED_DEVICE_FAMILY = "1,2";
			};
			name = Debug;
		};
		B43D8DF71ACB0B0F00F7B956 /* Release */ = {
			isa = XCBuildConfiguration;
			buildSettings = {
				ALWAYS_SEARCH_USER_PATHS = NO;
				CLANG_CXX_LANGUAGE_STANDARD = "gnu++0x";
				CLANG_CXX_LIBRARY = "libc++";
				CLANG_ENABLE_MODULES = YES;
				CLANG_ENABLE_OBJC_ARC = YES;
				CLANG_WARN_BOOL_CONVERSION = YES;
				CLANG_WARN_CONSTANT_CONVERSION = YES;
				CLANG_WARN_DIRECT_OBJC_ISA_USAGE = YES_ERROR;
				CLANG_WARN_EMPTY_BODY = YES;
				CLANG_WARN_ENUM_CONVERSION = YES;
				CLANG_WARN_INT_CONVERSION = YES;
				CLANG_WARN_OBJC_ROOT_CLASS = YES_ERROR;
				CLANG_WARN_UNREACHABLE_CODE = YES;
				CLANG_WARN__DUPLICATE_METHOD_MATCH = YES;
				"CODE_SIGN_IDENTITY[sdk=iphoneos*]" = "iPhone Developer";
				COPY_PHASE_STRIP = NO;
				ENABLE_NS_ASSERTIONS = NO;
				ENABLE_STRICT_OBJC_MSGSEND = YES;
				GCC_C_LANGUAGE_STANDARD = gnu99;
				GCC_WARN_64_TO_32_BIT_CONVERSION = YES;
				GCC_WARN_ABOUT_RETURN_TYPE = YES_ERROR;
				GCC_WARN_UNDECLARED_SELECTOR = YES;
				GCC_WARN_UNINITIALIZED_AUTOS = YES_AGGRESSIVE;
				GCC_WARN_UNUSED_FUNCTION = YES;
				GCC_WARN_UNUSED_VARIABLE = YES;
				IPHONEOS_DEPLOYMENT_TARGET = 8.2;
				MTL_ENABLE_DEBUG_INFO = NO;
				SDKROOT = iphoneos;
				TARGETED_DEVICE_FAMILY = "1,2";
				VALIDATE_PRODUCT = YES;
			};
			name = Release;
		};
		B43D8DF91ACB0B0F00F7B956 /* Debug */ = {
			isa = XCBuildConfiguration;
			buildSettings = {
				ASSETCATALOG_COMPILER_APPICON_NAME = AppIcon;
				INFOPLIST_FILE = "Keybase Library/Info.plist";
				LD_RUNPATH_SEARCH_PATHS = "$(inherited) @executable_path/Frameworks";
				PRODUCT_NAME = "$(TARGET_NAME)";
			};
			name = Debug;
		};
		B43D8DFA1ACB0B0F00F7B956 /* Release */ = {
			isa = XCBuildConfiguration;
			buildSettings = {
				ASSETCATALOG_COMPILER_APPICON_NAME = AppIcon;
				INFOPLIST_FILE = "Keybase Library/Info.plist";
				LD_RUNPATH_SEARCH_PATHS = "$(inherited) @executable_path/Frameworks";
				PRODUCT_NAME = "$(TARGET_NAME)";
			};
			name = Release;
		};
		B43D8DFC1ACB0B0F00F7B956 /* Debug */ = {
			isa = XCBuildConfiguration;
			buildSettings = {
				BUNDLE_LOADER = "$(TEST_HOST)";
				FRAMEWORK_SEARCH_PATHS = (
					"$(SDKROOT)/Developer/Library/Frameworks",
					"$(inherited)",
				);
				GCC_PREPROCESSOR_DEFINITIONS = (
					"DEBUG=1",
					"$(inherited)",
				);
				INFOPLIST_FILE = "Keybase LibraryTests/Info.plist";
				LD_RUNPATH_SEARCH_PATHS = "$(inherited) @executable_path/Frameworks @loader_path/Frameworks";
				PRODUCT_NAME = "$(TARGET_NAME)";
				TEST_HOST = "$(BUILT_PRODUCTS_DIR)/Keybase Library.app/Keybase Library";
			};
			name = Debug;
		};
		B43D8DFD1ACB0B0F00F7B956 /* Release */ = {
			isa = XCBuildConfiguration;
			buildSettings = {
				BUNDLE_LOADER = "$(TEST_HOST)";
				FRAMEWORK_SEARCH_PATHS = (
					"$(SDKROOT)/Developer/Library/Frameworks",
					"$(inherited)",
				);
				INFOPLIST_FILE = "Keybase LibraryTests/Info.plist";
				LD_RUNPATH_SEARCH_PATHS = "$(inherited) @executable_path/Frameworks @loader_path/Frameworks";
				PRODUCT_NAME = "$(TARGET_NAME)";
				TEST_HOST = "$(BUILT_PRODUCTS_DIR)/Keybase Library.app/Keybase Library";
			};
			name = Release;
		};
/* End XCBuildConfiguration section */

/* Begin XCConfigurationList section */
		B43D8DD01ACB0B0F00F7B956 /* Build configuration list for PBXProject "Keybase Library" */ = {
			isa = XCConfigurationList;
			buildConfigurations = (
				B43D8DF61ACB0B0F00F7B956 /* Debug */,
				B43D8DF71ACB0B0F00F7B956 /* Release */,
			);
			defaultConfigurationIsVisible = 0;
			defaultConfigurationName = Release;
		};
		B43D8DF81ACB0B0F00F7B956 /* Build configuration list for PBXNativeTarget "Keybase Library" */ = {
			isa = XCConfigurationList;
			buildConfigurations = (
				B43D8DF91ACB0B0F00F7B956 /* Debug */,
				B43D8DFA1ACB0B0F00F7B956 /* Release */,
			);
			defaultConfigurationIsVisible = 0;
			defaultConfigurationName = Release;
		};
		B43D8DFB1ACB0B0F00F7B956 /* Build configuration list for PBXNativeTarget "Keybase LibraryTests" */ = {
			isa = XCConfigurationList;
			buildConfigurations = (
				B43D8DFC1ACB0B0F00F7B956 /* Debug */,
				B43D8DFD1ACB0B0F00F7B956 /* Release */,
			);
			defaultConfigurationIsVisible = 0;
			defaultConfigurationName = Release;
		};
/* End XCConfigurationList section */
	};
	rootObject = B43D8DCD1ACB0B0F00F7B956 /* Project object */;
}
